
Microsoft Visual Studio Solution File, Format Version 12.00
# Visual Studio Version 17
VisualStudioVersion = 17.13.35806.99
MinimumVisualStudioVersion = 10.0.40219.1
Project("{FAE04EC0-301F-11D3-BF4B-00C04F79EFBC}") = "CASHMasters", "CASHMasters\CASHMasters.csproj", "{6D3BEFC5-CBCF-47F9-AA82-4C46C97E203A}"
EndProject
Project("{FAE04EC0-301F-11D3-BF4B-00C04F79EFBC}") = "POSRoutines", "POSRoutines\POSRoutines.csproj", "{885474BA-0909-473B-9E74-0FD3F957A1A6}"
EndProject
Project("{FAE04EC0-301F-11D3-BF4B-00C04F79EFBC}") = "POSRoutinesTests", "POSRutines\POSRoutinesTests.csproj", "{38C30408-AE1D-47F7-AFF1-8CA61A178BBA}"
EndProject
Project("{FAE04EC0-301F-11D3-BF4B-00C04F79EFBC}") = "Shared", "Shared\Shared.csproj", "{8498F74C-8089-400D-9861-BC6EF5C39378}"
EndProject
Project("{FAE04EC0-301F-11D3-BF4B-00C04F79EFBC}") = "Contracts", "Contracts\Contracts.csproj", "{875EA0BB-A990-4973-859F-BEBC75CA9CC8}"
EndProject
Global
	GlobalSection(SolutionConfigurationPlatforms) = preSolution
		Debug|Any CPU = Debug|Any CPU
		Release|Any CPU = Release|Any CPU
	EndGlobalSection
	GlobalSection(ProjectConfigurationPlatforms) = postSolution
		{6D3BEFC5-CBCF-47F9-AA82-4C46C97E203A}.Debug|Any CPU.ActiveCfg = Debug|Any CPU
		{6D3BEFC5-CBCF-47F9-AA82-4C46C97E203A}.Debug|Any CPU.Build.0 = Debug|Any CPU
		{6D3BEFC5-CBCF-47F9-AA82-4C46C97E203A}.Release|Any CPU.ActiveCfg = Release|Any CPU
		{6D3BEFC5-CBCF-47F9-AA82-4C46C97E203A}.Release|Any CPU.Build.0 = Release|Any CPU
		{885474BA-0909-473B-9E74-0FD3F957A1A6}.Debug|Any CPU.ActiveCfg = Debug|Any CPU
		{885474BA-0909-473B-9E74-0FD3F957A1A6}.Debug|Any CPU.Build.0 = Debug|Any CPU
		{885474BA-0909-473B-9E74-0FD3F957A1A6}.Release|Any CPU.ActiveCfg = Release|Any CPU
		{885474BA-0909-473B-9E74-0FD3F957A1A6}.Release|Any CPU.Build.0 = Release|Any CPU
		{38C30408-AE1D-47F7-AFF1-8CA61A178BBA}.Debug|Any CPU.ActiveCfg = Debug|Any CPU
		{38C30408-AE1D-47F7-AFF1-8CA61A178BBA}.Debug|Any CPU.Build.0 = Debug|Any CPU
		{38C30408-AE1D-47F7-AFF1-8CA61A178BBA}.Release|Any CPU.ActiveCfg = Release|Any CPU
		{38C30408-AE1D-47F7-AFF1-8CA61A178BBA}.Release|Any CPU.Build.0 = Release|Any CPU
		{8498F74C-8089-400D-9861-BC6EF5C39378}.Debug|Any CPU.ActiveCfg = Debug|Any CPU
		{8498F74C-8089-400D-9861-BC6EF5C39378}.Debug|Any CPU.Build.0 = Debug|Any CPU
		{8498F74C-8089-400D-9861-BC6EF5C39378}.Release|Any CPU.ActiveCfg = Release|Any CPU
		{8498F74C-8089-400D-9861-BC6EF5C39378}.Release|Any CPU.Build.0 = Release|Any CPU
		{875EA0BB-A990-4973-859F-BEBC75CA9CC8}.Debug|Any CPU.ActiveCfg = Debug|Any CPU
		{875EA0BB-A990-4973-859F-BEBC75CA9CC8}.Debug|Any CPU.Build.0 = Debug|Any CPU
		{875EA0BB-A990-4973-859F-BEBC75CA9CC8}.Release|Any CPU.ActiveCfg = Release|Any CPU
		{875EA0BB-A990-4973-859F-BEBC75CA9CC8}.Release|Any CPU.Build.0 = Release|Any CPU
	EndGlobalSection
	GlobalSection(SolutionProperties) = preSolution
		HideSolutionNode = FALSE
	EndGlobalSection
	GlobalSection(ExtensibilityGlobals) = postSolution
		SolutionGuid = {974771DE-D14B-417F-86CF-7D384D043064}
	EndGlobalSection
EndGlobal
